
Microsoft Visual Studio Solution File, Format Version 12.00
# Visual Studio Version 16
VisualStudioVersion = 16.0.34114.132
MinimumVisualStudioVersion = 10.0.40219.1
Project("{FAE04EC0-301F-11D3-BF4B-00C04F79EFBC}") = "OnLineMobaGameGatewayServer", "OnLineMobaGameGatewayServer\OnLineMobaGameGatewayServer.csproj", "{B723E7C3-3265-484F-9850-9555846BC36D}"
EndProject
Global
	GlobalSection(SolutionConfigurationPlatforms) = preSolution
		Debug|Any CPU = Debug|Any CPU
		Release|Any CPU = Release|Any CPU
	EndGlobalSection
	GlobalSection(ProjectConfigurationPlatforms) = postSolution
		{B723E7C3-3265-484F-9850-9555846BC36D}.Debug|Any CPU.ActiveCfg = Debug|Any CPU
		{B723E7C3-3265-484F-9850-9555846BC36D}.Debug|Any CPU.Build.0 = Debug|Any CPU
		{B723E7C3-3265-484F-9850-9555846BC36D}.Release|Any CPU.ActiveCfg = Release|Any CPU
		{B723E7C3-3265-484F-9850-9555846BC36D}.Release|Any CPU.Build.0 = Release|Any CPU
	EndGlobalSection
	GlobalSection(SolutionProperties) = preSolution
		HideSolutionNode = FALSE
	EndGlobalSection
	GlobalSection(ExtensibilityGlobals) = postSolution
		SolutionGuid = {8ADCA269-6D4E-4D8C-A4F9-9F158245313A}
	EndGlobalSection
EndGlobal
